
Microsoft Visual Studio Solution File, Format Version 12.00
# Visual Studio Version 17
VisualStudioVersion = 17.0.31912.275
MinimumVisualStudioVersion = 10.0.40219.1
Project("{FAE04EC0-301F-11D3-BF4B-00C04F79EFBC}") = "P01AplikacjaWebowaWstep", "P01AplikacjaWebowaWstep\P01AplikacjaWebowaWstep.csproj", "{B77AA104-437F-44F1-81DF-4422BDBCA60D}"
EndProject
Project("{FAE04EC0-301F-11D3-BF4B-00C04F79EFBC}") = "P02AplikacjaBazodanowa", "P02AplikacjaBazodanowa\P02AplikacjaBazodanowa.csproj", "{8FC7EC78-DEAA-43F7-B10C-885368DAAE30}"
EndProject
Project("{FAE04EC0-301F-11D3-BF4B-00C04F79EFBC}") = "P03Wstawki", "P03Wstawki\P03Wstawki.csproj", "{79E143CF-230D-44B1-AB98-1295AFA4E326}"
EndProject
Global
	GlobalSection(SolutionConfigurationPlatforms) = preSolution
		Debug|Any CPU = Debug|Any CPU
		Release|Any CPU = Release|Any CPU
	EndGlobalSection
	GlobalSection(ProjectConfigurationPlatforms) = postSolution
		{B77AA104-437F-44F1-81DF-4422BDBCA60D}.Debug|Any CPU.ActiveCfg = Debug|Any CPU
		{B77AA104-437F-44F1-81DF-4422BDBCA60D}.Debug|Any CPU.Build.0 = Debug|Any CPU
		{B77AA104-437F-44F1-81DF-4422BDBCA60D}.Release|Any CPU.ActiveCfg = Release|Any CPU
		{B77AA104-437F-44F1-81DF-4422BDBCA60D}.Release|Any CPU.Build.0 = Release|Any CPU
		{8FC7EC78-DEAA-43F7-B10C-885368DAAE30}.Debug|Any CPU.ActiveCfg = Debug|Any CPU
		{8FC7EC78-DEAA-43F7-B10C-885368DAAE30}.Debug|Any CPU.Build.0 = Debug|Any CPU
		{8FC7EC78-DEAA-43F7-B10C-885368DAAE30}.Release|Any CPU.ActiveCfg = Release|Any CPU
		{8FC7EC78-DEAA-43F7-B10C-885368DAAE30}.Release|Any CPU.Build.0 = Release|Any CPU
		{79E143CF-230D-44B1-AB98-1295AFA4E326}.Debug|Any CPU.ActiveCfg = Debug|Any CPU
		{79E143CF-230D-44B1-AB98-1295AFA4E326}.Debug|Any CPU.Build.0 = Debug|Any CPU
		{79E143CF-230D-44B1-AB98-1295AFA4E326}.Release|Any CPU.ActiveCfg = Release|Any CPU
		{79E143CF-230D-44B1-AB98-1295AFA4E326}.Release|Any CPU.Build.0 = Release|Any CPU
	EndGlobalSection
	GlobalSection(SolutionProperties) = preSolution
		HideSolutionNode = FALSE
	EndGlobalSection
	GlobalSection(ExtensibilityGlobals) = postSolution
		SolutionGuid = {94EE1FF0-366C-401F-9DF5-D76ED247ED3C}
	EndGlobalSection
EndGlobal
